{
  "name": "js",
  "lockfileVersion": 3,
  "requires": true,
  "packages": {
    "": {
      "dependencies": {
        "markdown-it-admon": "^1.0.1"
      }
    },
    "node_modules/markdown-it-admon": {
      "version": "1.0.1",
      "resolved": "https://registry.npmjs.org/markdown-it-admon/-/markdown-it-admon-1.0.1.tgz",
      "integrity": "sha512-+slgF0zZQ5908uo+U0cNBY6CUG4ym2GZsOdliDdn6P5doMubfxEZsVW3POaJOzXpd6VXLmn95NYa9Qdp7OMK7Q==",
      "license": "MIT"
    }
  }
}
